
Microsoft Visual Studio Solution File, Format Version 12.00
# Visual Studio Version 17
VisualStudioVersion = 17.7.34031.279
MinimumVisualStudioVersion = 10.0.40219.1
Project("{FAE04EC0-301F-11D3-BF4B-00C04F79EFBC}") = "clase generica stack", "clase generica stack\clase generica stack.csproj", "{0D13EFC1-B29E-490B-80C1-F5DC10490D37}"
EndProject
Global
	GlobalSection(SolutionConfigurationPlatforms) = preSolution
		Debug|Any CPU = Debug|Any CPU
		Release|Any CPU = Release|Any CPU
	EndGlobalSection
	GlobalSection(ProjectConfigurationPlatforms) = postSolution
		{0D13EFC1-B29E-490B-80C1-F5DC10490D37}.Debug|Any CPU.ActiveCfg = Debug|Any CPU
		{0D13EFC1-B29E-490B-80C1-F5DC10490D37}.Debug|Any CPU.Build.0 = Debug|Any CPU
		{0D13EFC1-B29E-490B-80C1-F5DC10490D37}.Release|Any CPU.ActiveCfg = Release|Any CPU
		{0D13EFC1-B29E-490B-80C1-F5DC10490D37}.Release|Any CPU.Build.0 = Release|Any CPU
	EndGlobalSection
	GlobalSection(SolutionProperties) = preSolution
		HideSolutionNode = FALSE
	EndGlobalSection
	GlobalSection(ExtensibilityGlobals) = postSolution
		SolutionGuid = {B05B97B5-C4C6-4E1D-901C-8032FC8D6E9B}
	EndGlobalSection
EndGlobal
