
Microsoft Visual Studio Solution File, Format Version 12.00
# Visual Studio Version 17
VisualStudioVersion = 17.7.34031.279
MinimumVisualStudioVersion = 10.0.40219.1
Project("{FAE04EC0-301F-11D3-BF4B-00C04F79EFBC}") = "clase generica cola", "clase generica cola\clase generica cola.csproj", "{ABF75198-225F-4694-A957-AFACEB73967C}"
EndProject
Global
	GlobalSection(SolutionConfigurationPlatforms) = preSolution
		Debug|Any CPU = Debug|Any CPU
		Release|Any CPU = Release|Any CPU
	EndGlobalSection
	GlobalSection(ProjectConfigurationPlatforms) = postSolution
		{ABF75198-225F-4694-A957-AFACEB73967C}.Debug|Any CPU.ActiveCfg = Debug|Any CPU
		{ABF75198-225F-4694-A957-AFACEB73967C}.Debug|Any CPU.Build.0 = Debug|Any CPU
		{ABF75198-225F-4694-A957-AFACEB73967C}.Release|Any CPU.ActiveCfg = Release|Any CPU
		{ABF75198-225F-4694-A957-AFACEB73967C}.Release|Any CPU.Build.0 = Release|Any CPU
	EndGlobalSection
	GlobalSection(SolutionProperties) = preSolution
		HideSolutionNode = FALSE
	EndGlobalSection
	GlobalSection(ExtensibilityGlobals) = postSolution
		SolutionGuid = {D1EE7890-0532-4994-8B16-04CBCEA61235}
	EndGlobalSection
EndGlobal
